
Microsoft Visual Studio Solution File, Format Version 12.00
# Visual Studio Version 16
VisualStudioVersion = 16.0.31424.327
MinimumVisualStudioVersion = 10.0.40219.1
Project("{FAE04EC0-301F-11D3-BF4B-00C04F79EFBC}") = "ActorTest", "ActorTest\ActorTest.csproj", "{D9AE6D58-5881-4C43-974B-3D7B712F70BB}"
EndProject
Global
	GlobalSection(SolutionConfigurationPlatforms) = preSolution
		Debug|Any CPU = Debug|Any CPU
		Release|Any CPU = Release|Any CPU
	EndGlobalSection
	GlobalSection(ProjectConfigurationPlatforms) = postSolution
		{D9AE6D58-5881-4C43-974B-3D7B712F70BB}.Debug|Any CPU.ActiveCfg = Debug|Any CPU
		{D9AE6D58-5881-4C43-974B-3D7B712F70BB}.Debug|Any CPU.Build.0 = Debug|Any CPU
		{D9AE6D58-5881-4C43-974B-3D7B712F70BB}.Release|Any CPU.ActiveCfg = Release|Any CPU
		{D9AE6D58-5881-4C43-974B-3D7B712F70BB}.Release|Any CPU.Build.0 = Release|Any CPU
	EndGlobalSection
	GlobalSection(SolutionProperties) = preSolution
		HideSolutionNode = FALSE
	EndGlobalSection
	GlobalSection(ExtensibilityGlobals) = postSolution
		SolutionGuid = {430061C0-A713-483B-A1BC-27C198D95605}
	EndGlobalSection
EndGlobal
